
Microsoft Visual Studio Solution File, Format Version 12.00
# Visual Studio Version 17
VisualStudioVersion = 17.2.32616.157
MinimumVisualStudioVersion = 10.0.40219.1
Project("{FAE04EC0-301F-11D3-BF4B-00C04F79EFBC}") = "Shop", "Shop\Shop.csproj", "{468F2E08-355E-4645-88A1-B2FE6246A5F3}"
EndProject
Global
	GlobalSection(SolutionConfigurationPlatforms) = preSolution
		Debug|Any CPU = Debug|Any CPU
		Release|Any CPU = Release|Any CPU
	EndGlobalSection
	GlobalSection(ProjectConfigurationPlatforms) = postSolution
		{468F2E08-355E-4645-88A1-B2FE6246A5F3}.Debug|Any CPU.ActiveCfg = Debug|Any CPU
		{468F2E08-355E-4645-88A1-B2FE6246A5F3}.Debug|Any CPU.Build.0 = Debug|Any CPU
		{468F2E08-355E-4645-88A1-B2FE6246A5F3}.Release|Any CPU.ActiveCfg = Release|Any CPU
		{468F2E08-355E-4645-88A1-B2FE6246A5F3}.Release|Any CPU.Build.0 = Release|Any CPU
	EndGlobalSection
	GlobalSection(SolutionProperties) = preSolution
		HideSolutionNode = FALSE
	EndGlobalSection
	GlobalSection(ExtensibilityGlobals) = postSolution
		SolutionGuid = {FCE3E248-5E99-400C-9486-6A0C5CA3769A}
	EndGlobalSection
EndGlobal
