
Microsoft Visual Studio Solution File, Format Version 12.00
# Visual Studio Version 17
VisualStudioVersion = 17.2.32616.157
MinimumVisualStudioVersion = 10.0.40219.1
Project("{9A19103F-16F7-4668-BE54-9A1E7A4F7556}") = "Shop", "Shop\Shop.csproj", "{B733EDC6-CEB3-4594-A5B0-D29BE38F189C}"
EndProject
Project("{FAE04EC0-301F-11D3-BF4B-00C04F79EFBC}") = "DAL", "DAL\DAL.csproj", "{E0A3A8FB-FDA3-4680-87D9-4712CF2D6D5D}"
EndProject
Project("{FAE04EC0-301F-11D3-BF4B-00C04F79EFBC}") = "BL", "BL\BL.csproj", "{85E6A81E-ED44-45BA-B8B6-6559F269C7B3}"
EndProject
Global
	GlobalSection(SolutionConfigurationPlatforms) = preSolution
		Debug|Any CPU = Debug|Any CPU
		Release|Any CPU = Release|Any CPU
	EndGlobalSection
	GlobalSection(ProjectConfigurationPlatforms) = postSolution
		{B733EDC6-CEB3-4594-A5B0-D29BE38F189C}.Debug|Any CPU.ActiveCfg = Debug|Any CPU
		{B733EDC6-CEB3-4594-A5B0-D29BE38F189C}.Debug|Any CPU.Build.0 = Debug|Any CPU
		{B733EDC6-CEB3-4594-A5B0-D29BE38F189C}.Release|Any CPU.ActiveCfg = Release|Any CPU
		{B733EDC6-CEB3-4594-A5B0-D29BE38F189C}.Release|Any CPU.Build.0 = Release|Any CPU
		{E0A3A8FB-FDA3-4680-87D9-4712CF2D6D5D}.Debug|Any CPU.ActiveCfg = Debug|Any CPU
		{E0A3A8FB-FDA3-4680-87D9-4712CF2D6D5D}.Debug|Any CPU.Build.0 = Debug|Any CPU
		{E0A3A8FB-FDA3-4680-87D9-4712CF2D6D5D}.Release|Any CPU.ActiveCfg = Release|Any CPU
		{E0A3A8FB-FDA3-4680-87D9-4712CF2D6D5D}.Release|Any CPU.Build.0 = Release|Any CPU
		{85E6A81E-ED44-45BA-B8B6-6559F269C7B3}.Debug|Any CPU.ActiveCfg = Debug|Any CPU
		{85E6A81E-ED44-45BA-B8B6-6559F269C7B3}.Debug|Any CPU.Build.0 = Debug|Any CPU
		{85E6A81E-ED44-45BA-B8B6-6559F269C7B3}.Release|Any CPU.ActiveCfg = Release|Any CPU
		{85E6A81E-ED44-45BA-B8B6-6559F269C7B3}.Release|Any CPU.Build.0 = Release|Any CPU
	EndGlobalSection
	GlobalSection(SolutionProperties) = preSolution
		HideSolutionNode = FALSE
	EndGlobalSection
	GlobalSection(ExtensibilityGlobals) = postSolution
		SolutionGuid = {63223ACA-8126-4B90-B600-0C579DE0FC3B}
	EndGlobalSection
EndGlobal
